
Microsoft Visual Studio Solution File, Format Version 12.00
# Visual Studio Version 17
VisualStudioVersion = 17.14.36414.22 d17.14
MinimumVisualStudioVersion = 10.0.40219.1
Project("{FAE04EC0-301F-11D3-BF4B-00C04F79EFBC}") = "MyFirstWebApp2025", "MyFirstWebApp2025\MyFirstWebApp2025.csproj", "{99B290EC-EF69-48AA-BD1B-2DDEFE4B81C0}"
EndProject
Global
	GlobalSection(SolutionConfigurationPlatforms) = preSolution
		Debug|Any CPU = Debug|Any CPU
		Release|Any CPU = Release|Any CPU
	EndGlobalSection
	GlobalSection(ProjectConfigurationPlatforms) = postSolution
		{99B290EC-EF69-48AA-BD1B-2DDEFE4B81C0}.Debug|Any CPU.ActiveCfg = Debug|Any CPU
		{99B290EC-EF69-48AA-BD1B-2DDEFE4B81C0}.Debug|Any CPU.Build.0 = Debug|Any CPU
		{99B290EC-EF69-48AA-BD1B-2DDEFE4B81C0}.Release|Any CPU.ActiveCfg = Release|Any CPU
		{99B290EC-EF69-48AA-BD1B-2DDEFE4B81C0}.Release|Any CPU.Build.0 = Release|Any CPU
	EndGlobalSection
	GlobalSection(SolutionProperties) = preSolution
		HideSolutionNode = FALSE
	EndGlobalSection
	GlobalSection(ExtensibilityGlobals) = postSolution
		SolutionGuid = {4904759A-1AD3-4EB2-B895-A75414B09AFE}
	EndGlobalSection
EndGlobal
